{
  "nodes": {
    "emerge-src": {
      "flake": false,
      "locked": {
        "lastModified": 1772476804,
        "narHash": "sha256-nhy3UAXE7bdLHkdRyi4JiWmUSv8tnu657IxRZo1ilKc=",
        "owner": "FennisRobert",
        "repo": "EMerge",
        "rev": "e68d07690bcb42bf24996a5c2dff043fe6bd145f",
        "type": "github"
      },
      "original": {
        "owner": "FennisRobert",
        "repo": "EMerge",
        "type": "github"
      }
    },
    "emsutil-src": {
      "flake": false,
      "locked": {
        "lastModified": 1770390824,
        "narHash": "sha256-D8DzWV7T5WLJSzscT7wZK7WR+6z7nJ6P5u+KOBcom0k=",
        "owner": "FennisRobert",
        "repo": "emsutil",
        "rev": "3df1ca8be324068abc56759100ef6008c5049449",
        "type": "github"
      },
      "original": {
        "owner": "FennisRobert",
        "repo": "emsutil",
        "type": "github"
      }
    },
    "flake-parts": {
      "inputs": {
        "nixpkgs-lib": "nixpkgs-lib"
      },
      "locked": {
        "lastModified": 1769996383,
        "narHash": "sha256-AnYjnFWgS49RlqX7LrC4uA+sCCDBj0Ry/WOJ5XWAsa0=",
        "owner": "hercules-ci",
        "repo": "flake-parts",
        "rev": "57928607ea566b5db3ad13af0e57e921e6b12381",
        "type": "github"
      },
      "original": {
        "owner": "hercules-ci",
        "repo": "flake-parts",
        "type": "github"
      }
    },
    "nixpkgs": {
      "locked": {
        "lastModified": 1772198003,
        "narHash": "sha256-I45esRSssFtJ8p/gLHUZ1OUaaTaVLluNkABkk6arQwE=",
        "owner": "NixOS",
        "repo": "nixpkgs",
        "rev": "dd9b079222d43e1943b6ebd802f04fd959dc8e61",
        "type": "github"
      },
      "original": {
        "owner": "NixOS",
        "ref": "nixos-unstable",
        "repo": "nixpkgs",
        "type": "github"
      }
    },
    "nixpkgs-lib": {
      "locked": {
        "lastModified": 1769909678,
        "narHash": "sha256-cBEymOf4/o3FD5AZnzC3J9hLbiZ+QDT/KDuyHXVJOpM=",
        "owner": "nix-community",
        "repo": "nixpkgs.lib",
        "rev": "72716169fe93074c333e8d0173151350670b824c",
        "type": "github"
      },
      "original": {
        "owner": "nix-community",
        "repo": "nixpkgs.lib",
        "type": "github"
      }
    },
    "pyproject-build-systems": {
      "inputs": {
        "nixpkgs": [
          "nixpkgs"
        ],
        "pyproject-nix": [
          "pyproject-nix"
        ],
        "uv2nix": [
          "uv2nix"
        ]
      },
      "locked": {
        "lastModified": 1771423342,
        "narHash": "sha256-7uXPiWB0YQ4HNaAqRvVndYL34FEp1ZTwVQHgZmyMtC8=",
        "owner": "pyproject-nix",
        "repo": "build-system-pkgs",
        "rev": "04e9c186e01f0830dad3739088070e4c551191a4",
        "type": "github"
      },
      "original": {
        "owner": "pyproject-nix",
        "repo": "build-system-pkgs",
        "type": "github"
      }
    },
    "pyproject-nix": {
      "inputs": {
        "nixpkgs": [
          "nixpkgs"
        ]
      },
      "locked": {
        "lastModified": 1771518446,
        "narHash": "sha256-nFJSfD89vWTu92KyuJWDoTQJuoDuddkJV3TlOl1cOic=",
        "owner": "pyproject-nix",
        "repo": "pyproject.nix",
        "rev": "eb204c6b3335698dec6c7fc1da0ebc3c6df05937",
        "type": "github"
      },
      "original": {
        "owner": "pyproject-nix",
        "repo": "pyproject.nix",
        "type": "github"
      }
    },
    "root": {
      "inputs": {
        "emerge-src": "emerge-src",
        "emsutil-src": "emsutil-src",
        "flake-parts": "flake-parts",
        "nixpkgs": "nixpkgs",
        "pyproject-build-systems": "pyproject-build-systems",
        "pyproject-nix": "pyproject-nix",
        "suitesparse-src": "suitesparse-src",
        "uv2nix": "uv2nix"
      }
    },
    "suitesparse-src": {
      "flake": false,
      "locked": {
        "lastModified": 1770747951,
        "narHash": "sha256-reR23aBs3rdNdDYpjuN6XbAmrBZ1euFsKreBdPI//gI=",
        "owner": "DrTimothyAldenDavis",
        "repo": "SuiteSparse",
        "rev": "42151688813c45846a597edcb601435a0e38f3dd",
        "type": "github"
      },
      "original": {
        "owner": "DrTimothyAldenDavis",
        "ref": "v7.12.2",
        "repo": "SuiteSparse",
        "type": "github"
      }
    },
    "uv2nix": {
      "inputs": {
        "nixpkgs": [
          "nixpkgs"
        ],
        "pyproject-nix": [
          "pyproject-nix"
        ]
      },
      "locked": {
        "lastModified": 1772187362,
        "narHash": "sha256-gCojeIlQ/rfWMe3adif3akyHsT95wiMkLURpxTeqmPc=",
        "owner": "pyproject-nix",
        "repo": "uv2nix",
        "rev": "abe65de114300de41614002fe9dce2152ac2ac23",
        "type": "github"
      },
      "original": {
        "owner": "pyproject-nix",
        "repo": "uv2nix",
        "type": "github"
      }
    }
  },
  "root": "root",
  "version": 7
}
