{
  "nodes": {
    "emerge-src": {
      "flake": false,
      "locked": {
        "lastModified": 1772827558,
        "narHash": "sha256-znrbt0PywPh6NiDx33vTNdqrG5wUynF/pc8fw7YHiK8=",
        "owner": "FennisRobert",
        "repo": "EMerge",
        "rev": "cb35cd6b81d21668ab2303a9dcfc4bbd9df8c2b0",
        "type": "github"
      },
      "original": {
        "owner": "FennisRobert",
        "repo": "EMerge",
        "type": "github"
      }
    },
    "emsutil-src": {
      "flake": false,
      "locked": {
        "lastModified": 1770390824,
        "narHash": "sha256-D8DzWV7T5WLJSzscT7wZK7WR+6z7nJ6P5u+KOBcom0k=",
        "owner": "FennisRobert",
        "repo": "emsutil",
        "rev": "3df1ca8be324068abc56759100ef6008c5049449",
        "type": "github"
      },
      "original": {
        "owner": "FennisRobert",
        "repo": "emsutil",
        "type": "github"
      }
    },
    "flake-parts": {
      "inputs": {
        "nixpkgs-lib": "nixpkgs-lib"
      },
      "locked": {
        "lastModified": 1772408722,
        "narHash": "sha256-rHuJtdcOjK7rAHpHphUb1iCvgkU3GpfvicLMwwnfMT0=",
        "owner": "hercules-ci",
        "repo": "flake-parts",
        "rev": "f20dc5d9b8027381c474144ecabc9034d6a839a3",
        "type": "github"
      },
      "original": {
        "owner": "hercules-ci",
        "repo": "flake-parts",
        "type": "github"
      }
    },
    "nixpkgs": {
      "locked": {
        "lastModified": 1772773019,
        "narHash": "sha256-E1bxHxNKfDoQUuvriG71+f+s/NT0qWkImXsYZNFFfCs=",
        "owner": "NixOS",
        "repo": "nixpkgs",
        "rev": "aca4d95fce4914b3892661bcb80b8087293536c6",
        "type": "github"
      },
      "original": {
        "owner": "NixOS",
        "ref": "nixos-unstable",
        "repo": "nixpkgs",
        "type": "github"
      }
    },
    "nixpkgs-lib": {
      "locked": {
        "lastModified": 1772328832,
        "narHash": "sha256-e+/T/pmEkLP6BHhYjx6GmwP5ivonQQn0bJdH9YrRB+Q=",
        "owner": "nix-community",
        "repo": "nixpkgs.lib",
        "rev": "c185c7a5e5dd8f9add5b2f8ebeff00888b070742",
        "type": "github"
      },
      "original": {
        "owner": "nix-community",
        "repo": "nixpkgs.lib",
        "type": "github"
      }
    },
    "pyproject-build-systems": {
      "inputs": {
        "nixpkgs": [
          "nixpkgs"
        ],
        "pyproject-nix": [
          "pyproject-nix"
        ],
        "uv2nix": [
          "uv2nix"
        ]
      },
      "locked": {
        "lastModified": 1772555609,
        "narHash": "sha256-3BA3HnUvJSbHJAlJj6XSy0Jmu7RyP2gyB/0fL7XuEDo=",
        "owner": "pyproject-nix",
        "repo": "build-system-pkgs",
        "rev": "c37f66a953535c394244888598947679af231863",
        "type": "github"
      },
      "original": {
        "owner": "pyproject-nix",
        "repo": "build-system-pkgs",
        "type": "github"
      }
    },
    "pyproject-nix": {
      "inputs": {
        "nixpkgs": [
          "nixpkgs"
        ]
      },
      "locked": {
        "lastModified": 1772865871,
        "narHash": "sha256-/ZTSg97aouL0SlPHaokA4r3iuH9QzHVuWPACD2CUCFY=",
        "owner": "pyproject-nix",
        "repo": "pyproject.nix",
        "rev": "e537db02e72d553cea470976b9733581bcf5b3ed",
        "type": "github"
      },
      "original": {
        "owner": "pyproject-nix",
        "repo": "pyproject.nix",
        "type": "github"
      }
    },
    "root": {
      "inputs": {
        "emerge-src": "emerge-src",
        "emsutil-src": "emsutil-src",
        "flake-parts": "flake-parts",
        "nixpkgs": "nixpkgs",
        "pyproject-build-systems": "pyproject-build-systems",
        "pyproject-nix": "pyproject-nix",
        "suitesparse-src": "suitesparse-src",
        "uv2nix": "uv2nix"
      }
    },
    "suitesparse-src": {
      "flake": false,
      "locked": {
        "lastModified": 1770747951,
        "narHash": "sha256-reR23aBs3rdNdDYpjuN6XbAmrBZ1euFsKreBdPI//gI=",
        "owner": "DrTimothyAldenDavis",
        "repo": "SuiteSparse",
        "rev": "42151688813c45846a597edcb601435a0e38f3dd",
        "type": "github"
      },
      "original": {
        "owner": "DrTimothyAldenDavis",
        "ref": "v7.12.2",
        "repo": "SuiteSparse",
        "type": "github"
      }
    },
    "uv2nix": {
      "inputs": {
        "nixpkgs": [
          "nixpkgs"
        ],
        "pyproject-nix": [
          "pyproject-nix"
        ]
      },
      "locked": {
        "lastModified": 1773039484,
        "narHash": "sha256-+boo33KYkJDw9KItpeEXXv8+65f7hHv/earxpcyzQ0I=",
        "owner": "pyproject-nix",
        "repo": "uv2nix",
        "rev": "b68be7cfeacbed9a3fa38a2b5adc0cfb81d9bb1f",
        "type": "github"
      },
      "original": {
        "owner": "pyproject-nix",
        "repo": "uv2nix",
        "type": "github"
      }
    }
  },
  "root": "root",
  "version": 7
}
